{
  "pins" : [
    {
      "identity" : "stamp-ios-spm",
      "kind" : "remoteSourceControl",
      "location" : "https://github.com/adbcsdk/stamp-ios-spm.git",
      "state" : {
        "revision" : "2bf25bae307028546cba9a6bb0cc6a32ce232518",
        "version" : "1.0.2"
      }
    }
  ],
  "version" : 2
}
